
Microsoft Visual Studio Solution File, Format Version 12.00
# Visual Studio Version 16
VisualStudioVersion = 16.0.30711.63
MinimumVisualStudioVersion = 10.0.40219.1
Project("{FAE04EC0-301F-11D3-BF4B-00C04F79EFBC}") = "WpfApp1_TRIAL", "WpfApp1_TRIAL\WpfApp1_TRIAL.csproj", "{257840D7-7308-4A47-8782-5203EE1AA5C7}"
EndProject
Global
	GlobalSection(SolutionConfigurationPlatforms) = preSolution
		Debug|Any CPU = Debug|Any CPU
		Release|Any CPU = Release|Any CPU
	EndGlobalSection
	GlobalSection(ProjectConfigurationPlatforms) = postSolution
		{257840D7-7308-4A47-8782-5203EE1AA5C7}.Debug|Any CPU.ActiveCfg = Debug|Any CPU
		{257840D7-7308-4A47-8782-5203EE1AA5C7}.Debug|Any CPU.Build.0 = Debug|Any CPU
		{257840D7-7308-4A47-8782-5203EE1AA5C7}.Release|Any CPU.ActiveCfg = Release|Any CPU
		{257840D7-7308-4A47-8782-5203EE1AA5C7}.Release|Any CPU.Build.0 = Release|Any CPU
	EndGlobalSection
	GlobalSection(SolutionProperties) = preSolution
		HideSolutionNode = FALSE
	EndGlobalSection
	GlobalSection(ExtensibilityGlobals) = postSolution
		SolutionGuid = {92CFD07C-E0BE-4F28-BF16-47779B310784}
	EndGlobalSection
EndGlobal
